
Microsoft Visual Studio Solution File, Format Version 12.00
# Visual Studio Version 17
VisualStudioVersion = 17.1.32421.90
MinimumVisualStudioVersion = 10.0.40219.1
Project("{9A19103F-16F7-4668-BE54-9A1E7A4F7556}") = "Tinyurl", "Tinyurl.csproj", "{E540EBA0-D703-4BB2-B33E-906D87AFC6DE}"
EndProject
Project("{FAE04EC0-301F-11D3-BF4B-00C04F79EFBC}") = "TinyUrlTest", "..\TinyUrlTest\TinyUrlTest.csproj", "{212590A9-DA4E-4180-B683-8F79D3666C11}"
	ProjectSection(ProjectDependencies) = postProject
		{E540EBA0-D703-4BB2-B33E-906D87AFC6DE} = {E540EBA0-D703-4BB2-B33E-906D87AFC6DE}
	EndProjectSection
EndProject
Global
	GlobalSection(SolutionConfigurationPlatforms) = preSolution
		Debug|Any CPU = Debug|Any CPU
		Release|Any CPU = Release|Any CPU
	EndGlobalSection
	GlobalSection(ProjectConfigurationPlatforms) = postSolution
		{E540EBA0-D703-4BB2-B33E-906D87AFC6DE}.Debug|Any CPU.ActiveCfg = Debug|Any CPU
		{E540EBA0-D703-4BB2-B33E-906D87AFC6DE}.Debug|Any CPU.Build.0 = Debug|Any CPU
		{E540EBA0-D703-4BB2-B33E-906D87AFC6DE}.Release|Any CPU.ActiveCfg = Release|Any CPU
		{E540EBA0-D703-4BB2-B33E-906D87AFC6DE}.Release|Any CPU.Build.0 = Release|Any CPU
		{212590A9-DA4E-4180-B683-8F79D3666C11}.Debug|Any CPU.ActiveCfg = Debug|Any CPU
		{212590A9-DA4E-4180-B683-8F79D3666C11}.Debug|Any CPU.Build.0 = Debug|Any CPU
		{212590A9-DA4E-4180-B683-8F79D3666C11}.Release|Any CPU.ActiveCfg = Release|Any CPU
		{212590A9-DA4E-4180-B683-8F79D3666C11}.Release|Any CPU.Build.0 = Release|Any CPU
	EndGlobalSection
	GlobalSection(SolutionProperties) = preSolution
		HideSolutionNode = FALSE
	EndGlobalSection
	GlobalSection(ExtensibilityGlobals) = postSolution
		SolutionGuid = {D393663A-3C1B-441A-A42E-63DE81EC333F}
	EndGlobalSection
EndGlobal
